// !$*UTF8*$!
{
	archiveVersion = 1;
	classes = {
	};
	objectVersion = 50;
	objects = {

/* Begin PBXBuildFile section */
		D6A303A622A523630022D891 /* AppDelegate.m in Sources */ = {isa = PBXBuildFile; fileRef = D6A303A522A523630022D891 /* AppDelegate.m */; };
		D6A303A922A523630022D891 /* ViewController.m in Sources */ = {isa = PBXBuildFile; fileRef = D6A303A822A523630022D891 /* ViewController.m */; };
		D6A303AC22A523630022D891 /* Main.storyboard in Resources */ = {isa = PBXBuildFile; fileRef = D6A303AA22A523630022D891 /* Main.storyboard */; };
		D6A303AE22A523660022D891 /* Assets.xcassets in Resources */ = {isa = PBXBuildFile; fileRef = D6A303AD22A523660022D891 /* Assets.xcassets */; };
		D6A303B122A523660022D891 /* LaunchScreen.storyboard in Resources */ = {isa = PBXBuildFile; fileRef = D6A303AF22A523660022D891 /* LaunchScreen.storyboard */; };
		D6A303B422A523660022D891 /* main.m in Sources */ = {isa = PBXBuildFile; fileRef = D6A303B322A523660022D891 /* main.m */; };
		D6A303BE22A523660022D891 /* CCSimpleAppKitTests.m in Sources */ = {isa = PBXBuildFile; fileRef = D6A303BD22A523660022D891 /* CCSimpleAppKitTests.m */; };
		D6A303C922A523660022D891 /* CCSimpleAppKitUITests.m in Sources */ = {isa = PBXBuildFile; fileRef = D6A303C822A523660022D891 /* CCSimpleAppKitUITests.m */; };
		D6A303D922A523CC0022D891 /* CCNetworkRequestFactory.m in Sources */ = {isa = PBXBuildFile; fileRef = D6A303D722A523CB0022D891 /* CCNetworkRequestFactory.m */; };
		D6A303F522A5262B0022D891 /* CCConvenientRequest.m in Sources */ = {isa = PBXBuildFile; fileRef = D6A303F222A5262A0022D891 /* CCConvenientRequest.m */; };
		D6A303F622A5262B0022D891 /* CCUploadRequest.m in Sources */ = {isa = PBXBuildFile; fileRef = D6A303F322A5262B0022D891 /* CCUploadRequest.m */; };
		D6A303F922A5271F0022D891 /* CCPagingRequest.m in Sources */ = {isa = PBXBuildFile; fileRef = D6A303F722A5271E0022D891 /* CCPagingRequest.m */; };
		D6CA91E322A60E4A00643FA9 /* CCDefaultResponseRawDataHandler.m in Sources */ = {isa = PBXBuildFile; fileRef = D6CA91E222A60E4A00643FA9 /* CCDefaultResponseRawDataHandler.m */; };
		D6CA923922A64D8300643FA9 /* ListViewController.m in Sources */ = {isa = PBXBuildFile; fileRef = D6CA923822A64D8300643FA9 /* ListViewController.m */; };
/* End PBXBuildFile section */

/* Begin PBXContainerItemProxy section */
		D6A303BA22A523660022D891 /* PBXContainerItemProxy */ = {
			isa = PBXContainerItemProxy;
			containerPortal = D6A3039922A523630022D891 /* Project object */;
			proxyType = 1;
			remoteGlobalIDString = D6A303A022A523630022D891;
			remoteInfo = CCSimpleAppKit;
		};
		D6A303C522A523660022D891 /* PBXContainerItemProxy */ = {
			isa = PBXContainerItemProxy;
			containerPortal = D6A3039922A523630022D891 /* Project object */;
			proxyType = 1;
			remoteGlobalIDString = D6A303A022A523630022D891;
			remoteInfo = CCSimpleAppKit;
		};
/* End PBXContainerItemProxy section */

/* Begin PBXFileReference section */
		D6A303A122A523630022D891 /* CCSimpleAppKit.app */ = {isa = PBXFileReference; explicitFileType = wrapper.application; includeInIndex = 0; path = CCSimpleAppKit.app; sourceTree = BUILT_PRODUCTS_DIR; };
		D6A303A422A523630022D891 /* AppDelegate.h */ = {isa = PBXFileReference; lastKnownFileType = sourcecode.c.h; path = AppDelegate.h; sourceTree = "<group>"; };
		D6A303A522A523630022D891 /* AppDelegate.m */ = {isa = PBXFileReference; lastKnownFileType = sourcecode.c.objc; path = AppDelegate.m; sourceTree = "<group>"; };
		D6A303A722A523630022D891 /* ViewController.h */ = {isa = PBXFileReference; lastKnownFileType = sourcecode.c.h; path = ViewController.h; sourceTree = "<group>"; };
		D6A303A822A523630022D891 /* ViewController.m */ = {isa = PBXFileReference; lastKnownFileType = sourcecode.c.objc; path = ViewController.m; sourceTree = "<group>"; };
		D6A303AB22A523630022D891 /* Base */ = {isa = PBXFileReference; lastKnownFileType = file.storyboard; name = Base; path = Base.lproj/Main.storyboard; sourceTree = "<group>"; };
		D6A303AD22A523660022D891 /* Assets.xcassets */ = {isa = PBXFileReference; lastKnownFileType = folder.assetcatalog; path = Assets.xcassets; sourceTree = "<group>"; };
		D6A303B022A523660022D891 /* Base */ = {isa = PBXFileReference; lastKnownFileType = file.storyboard; name = Base; path = Base.lproj/LaunchScreen.storyboard; sourceTree = "<group>"; };
		D6A303B222A523660022D891 /* Info.plist */ = {isa = PBXFileReference; lastKnownFileType = text.plist.xml; path = Info.plist; sourceTree = "<group>"; };
		D6A303B322A523660022D891 /* main.m */ = {isa = PBXFileReference; lastKnownFileType = sourcecode.c.objc; path = main.m; sourceTree = "<group>"; };
		D6A303B922A523660022D891 /* CCSimpleAppKitTests.xctest */ = {isa = PBXFileReference; explicitFileType = wrapper.cfbundle; includeInIndex = 0; path = CCSimpleAppKitTests.xctest; sourceTree = BUILT_PRODUCTS_DIR; };
		D6A303BD22A523660022D891 /* CCSimpleAppKitTests.m */ = {isa = PBXFileReference; lastKnownFileType = sourcecode.c.objc; path = CCSimpleAppKitTests.m; sourceTree = "<group>"; };
		D6A303BF22A523660022D891 /* Info.plist */ = {isa = PBXFileReference; lastKnownFileType = text.plist.xml; path = Info.plist; sourceTree = "<group>"; };
		D6A303C422A523660022D891 /* CCSimpleAppKitUITests.xctest */ = {isa = PBXFileReference; explicitFileType = wrapper.cfbundle; includeInIndex = 0; path = CCSimpleAppKitUITests.xctest; sourceTree = BUILT_PRODUCTS_DIR; };
		D6A303C822A523660022D891 /* CCSimpleAppKitUITests.m */ = {isa = PBXFileReference; lastKnownFileType = sourcecode.c.objc; path = CCSimpleAppKitUITests.m; sourceTree = "<group>"; };
		D6A303CA22A523660022D891 /* Info.plist */ = {isa = PBXFileReference; lastKnownFileType = text.plist.xml; path = Info.plist; sourceTree = "<group>"; };
		D6A303D722A523CB0022D891 /* CCNetworkRequestFactory.m */ = {isa = PBXFileReference; fileEncoding = 4; lastKnownFileType = sourcecode.c.objc; path = CCNetworkRequestFactory.m; sourceTree = "<group>"; };
		D6A303D822A523CC0022D891 /* CCNetworkRequestFactory.h */ = {isa = PBXFileReference; fileEncoding = 4; lastKnownFileType = sourcecode.c.h; path = CCNetworkRequestFactory.h; sourceTree = "<group>"; };
		D6A303EE22A526290022D891 /* CCConvenientRequest.h */ = {isa = PBXFileReference; fileEncoding = 4; lastKnownFileType = sourcecode.c.h; path = CCConvenientRequest.h; sourceTree = "<group>"; };
		D6A303F022A5262A0022D891 /* CCUploadRequest.h */ = {isa = PBXFileReference; fileEncoding = 4; lastKnownFileType = sourcecode.c.h; path = CCUploadRequest.h; sourceTree = "<group>"; };
		D6A303F222A5262A0022D891 /* CCConvenientRequest.m */ = {isa = PBXFileReference; fileEncoding = 4; lastKnownFileType = sourcecode.c.objc; path = CCConvenientRequest.m; sourceTree = "<group>"; };
		D6A303F322A5262B0022D891 /* CCUploadRequest.m */ = {isa = PBXFileReference; fileEncoding = 4; lastKnownFileType = sourcecode.c.objc; path = CCUploadRequest.m; sourceTree = "<group>"; };
		D6A303F722A5271E0022D891 /* CCPagingRequest.m */ = {isa = PBXFileReference; fileEncoding = 4; lastKnownFileType = sourcecode.c.objc; path = CCPagingRequest.m; sourceTree = "<group>"; };
		D6A303F822A5271F0022D891 /* CCPagingRequest.h */ = {isa = PBXFileReference; fileEncoding = 4; lastKnownFileType = sourcecode.c.h; path = CCPagingRequest.h; sourceTree = "<group>"; };
		D6CA91E122A60E4A00643FA9 /* CCDefaultResponseRawDataHandler.h */ = {isa = PBXFileReference; lastKnownFileType = sourcecode.c.h; path = CCDefaultResponseRawDataHandler.h; sourceTree = "<group>"; };
		D6CA91E222A60E4A00643FA9 /* CCDefaultResponseRawDataHandler.m */ = {isa = PBXFileReference; lastKnownFileType = sourcecode.c.objc; path = CCDefaultResponseRawDataHandler.m; sourceTree = "<group>"; };
		D6CA923722A64D8300643FA9 /* ListViewController.h */ = {isa = PBXFileReference; lastKnownFileType = sourcecode.c.h; path = ListViewController.h; sourceTree = "<group>"; };
		D6CA923822A64D8300643FA9 /* ListViewController.m */ = {isa = PBXFileReference; lastKnownFileType = sourcecode.c.objc; path = ListViewController.m; sourceTree = "<group>"; };
		D6CA927622A66B5B00643FA9 /* CCNetworkService.h */ = {isa = PBXFileReference; fileEncoding = 4; lastKnownFileType = sourcecode.c.h; path = CCNetworkService.h; sourceTree = "<group>"; };
/* End PBXFileReference section */

/* Begin PBXFrameworksBuildPhase section */
		D6A3039E22A523630022D891 /* Frameworks */ = {
			isa = PBXFrameworksBuildPhase;
			buildActionMask = 2147483647;
			files = (
			);
			runOnlyForDeploymentPostprocessing = 0;
		};
		D6A303B622A523660022D891 /* Frameworks */ = {
			isa = PBXFrameworksBuildPhase;
			buildActionMask = 2147483647;
			files = (
			);
			runOnlyForDeploymentPostprocessing = 0;
		};
		D6A303C122A523660022D891 /* Frameworks */ = {
			isa = PBXFrameworksBuildPhase;
			buildActionMask = 2147483647;
			files = (
			);
			runOnlyForDeploymentPostprocessing = 0;
		};
/* End PBXFrameworksBuildPhase section */

/* Begin PBXGroup section */
		D6A3039822A523630022D891 = {
			isa = PBXGroup;
			children = (
				D6A303A322A523630022D891 /* CCSimpleAppKit */,
				D6A303BC22A523660022D891 /* CCSimpleAppKitTests */,
				D6A303C722A523660022D891 /* CCSimpleAppKitUITests */,
				D6A303A222A523630022D891 /* Products */,
			);
			sourceTree = "<group>";
		};
		D6A303A222A523630022D891 /* Products */ = {
			isa = PBXGroup;
			children = (
				D6A303A122A523630022D891 /* CCSimpleAppKit.app */,
				D6A303B922A523660022D891 /* CCSimpleAppKitTests.xctest */,
				D6A303C422A523660022D891 /* CCSimpleAppKitUITests.xctest */,
			);
			name = Products;
			sourceTree = "<group>";
		};
		D6A303A322A523630022D891 /* CCSimpleAppKit */ = {
			isa = PBXGroup;
			children = (
				D6A303D622A523B00022D891 /* SimpleKit */,
				D6CA923622A64D6800643FA9 /* MVC */,
				D6A303A422A523630022D891 /* AppDelegate.h */,
				D6A303A522A523630022D891 /* AppDelegate.m */,
				D6A303A722A523630022D891 /* ViewController.h */,
				D6A303A822A523630022D891 /* ViewController.m */,
				D6A303AA22A523630022D891 /* Main.storyboard */,
				D6A303AD22A523660022D891 /* Assets.xcassets */,
				D6A303AF22A523660022D891 /* LaunchScreen.storyboard */,
				D6A303B222A523660022D891 /* Info.plist */,
				D6A303B322A523660022D891 /* main.m */,
			);
			path = CCSimpleAppKit;
			sourceTree = "<group>";
		};
		D6A303BC22A523660022D891 /* CCSimpleAppKitTests */ = {
			isa = PBXGroup;
			children = (
				D6A303BD22A523660022D891 /* CCSimpleAppKitTests.m */,
				D6A303BF22A523660022D891 /* Info.plist */,
			);
			path = CCSimpleAppKitTests;
			sourceTree = "<group>";
		};
		D6A303C722A523660022D891 /* CCSimpleAppKitUITests */ = {
			isa = PBXGroup;
			children = (
				D6A303C822A523660022D891 /* CCSimpleAppKitUITests.m */,
				D6A303CA22A523660022D891 /* Info.plist */,
			);
			path = CCSimpleAppKitUITests;
			sourceTree = "<group>";
		};
		D6A303D622A523B00022D891 /* SimpleKit */ = {
			isa = PBXGroup;
			children = (
				D6CA927622A66B5B00643FA9 /* CCNetworkService.h */,
				D6A303ED22A526180022D891 /* Network */,
			);
			path = SimpleKit;
			sourceTree = "<group>";
		};
		D6A303ED22A526180022D891 /* Network */ = {
			isa = PBXGroup;
			children = (
				D6A303D822A523CC0022D891 /* CCNetworkRequestFactory.h */,
				D6A303D722A523CB0022D891 /* CCNetworkRequestFactory.m */,
				D6A303EE22A526290022D891 /* CCConvenientRequest.h */,
				D6A303F222A5262A0022D891 /* CCConvenientRequest.m */,
				D6A303F022A5262A0022D891 /* CCUploadRequest.h */,
				D6A303F322A5262B0022D891 /* CCUploadRequest.m */,
				D6A303F822A5271F0022D891 /* CCPagingRequest.h */,
				D6A303F722A5271E0022D891 /* CCPagingRequest.m */,
				D6CA91E122A60E4A00643FA9 /* CCDefaultResponseRawDataHandler.h */,
				D6CA91E222A60E4A00643FA9 /* CCDefaultResponseRawDataHandler.m */,
			);
			path = Network;
			sourceTree = "<group>";
		};
		D6CA923622A64D6800643FA9 /* MVC */ = {
			isa = PBXGroup;
			children = (
				D6CA923722A64D8300643FA9 /* ListViewController.h */,
				D6CA923822A64D8300643FA9 /* ListViewController.m */,
			);
			path = MVC;
			sourceTree = "<group>";
		};
/* End PBXGroup section */

/* Begin PBXNativeTarget section */
		D6A303A022A523630022D891 /* CCSimpleAppKit */ = {
			isa = PBXNativeTarget;
			buildConfigurationList = D6A303CD22A523660022D891 /* Build configuration list for PBXNativeTarget "CCSimpleAppKit" */;
			buildPhases = (
				D6A3039D22A523630022D891 /* Sources */,
				D6A3039E22A523630022D891 /* Frameworks */,
				D6A3039F22A523630022D891 /* Resources */,
			);
			buildRules = (
			);
			dependencies = (
			);
			name = CCSimpleAppKit;
			productName = CCSimpleAppKit;
			productReference = D6A303A122A523630022D891 /* CCSimpleAppKit.app */;
			productType = "com.apple.product-type.application";
		};
		D6A303B822A523660022D891 /* CCSimpleAppKitTests */ = {
			isa = PBXNativeTarget;
			buildConfigurationList = D6A303D022A523660022D891 /* Build configuration list for PBXNativeTarget "CCSimpleAppKitTests" */;
			buildPhases = (
				D6A303B522A523660022D891 /* Sources */,
				D6A303B622A523660022D891 /* Frameworks */,
				D6A303B722A523660022D891 /* Resources */,
			);
			buildRules = (
			);
			dependencies = (
				D6A303BB22A523660022D891 /* PBXTargetDependency */,
			);
			name = CCSimpleAppKitTests;
			productName = CCSimpleAppKitTests;
			productReference = D6A303B922A523660022D891 /* CCSimpleAppKitTests.xctest */;
			productType = "com.apple.product-type.bundle.unit-test";
		};
		D6A303C322A523660022D891 /* CCSimpleAppKitUITests */ = {
			isa = PBXNativeTarget;
			buildConfigurationList = D6A303D322A523660022D891 /* Build configuration list for PBXNativeTarget "CCSimpleAppKitUITests" */;
			buildPhases = (
				D6A303C022A523660022D891 /* Sources */,
				D6A303C122A523660022D891 /* Frameworks */,
				D6A303C222A523660022D891 /* Resources */,
			);
			buildRules = (
			);
			dependencies = (
				D6A303C622A523660022D891 /* PBXTargetDependency */,
			);
			name = CCSimpleAppKitUITests;
			productName = CCSimpleAppKitUITests;
			productReference = D6A303C422A523660022D891 /* CCSimpleAppKitUITests.xctest */;
			productType = "com.apple.product-type.bundle.ui-testing";
		};
/* End PBXNativeTarget section */

/* Begin PBXProject section */
		D6A3039922A523630022D891 /* Project object */ = {
			isa = PBXProject;
			attributes = {
				LastUpgradeCheck = 1010;
				ORGANIZATIONNAME = CC;
				TargetAttributes = {
					D6A303A022A523630022D891 = {
						CreatedOnToolsVersion = 10.1;
					};
					D6A303B822A523660022D891 = {
						CreatedOnToolsVersion = 10.1;
						TestTargetID = D6A303A022A523630022D891;
					};
					D6A303C322A523660022D891 = {
						CreatedOnToolsVersion = 10.1;
						TestTargetID = D6A303A022A523630022D891;
					};
				};
			};
			buildConfigurationList = D6A3039C22A523630022D891 /* Build configuration list for PBXProject "CCSimpleAppKit" */;
			compatibilityVersion = "Xcode 9.3";
			developmentRegion = en;
			hasScannedForEncodings = 0;
			knownRegions = (
				en,
				Base,
			);
			mainGroup = D6A3039822A523630022D891;
			productRefGroup = D6A303A222A523630022D891 /* Products */;
			projectDirPath = "";
			projectRoot = "";
			targets = (
				D6A303A022A523630022D891 /* CCSimpleAppKit */,
				D6A303B822A523660022D891 /* CCSimpleAppKitTests */,
				D6A303C322A523660022D891 /* CCSimpleAppKitUITests */,
			);
		};
/* End PBXProject section */

/* Begin PBXResourcesBuildPhase section */
		D6A3039F22A523630022D891 /* Resources */ = {
			isa = PBXResourcesBuildPhase;
			buildActionMask = 2147483647;
			files = (
				D6A303B122A523660022D891 /* LaunchScreen.storyboard in Resources */,
				D6A303AE22A523660022D891 /* Assets.xcassets in Resources */,
				D6A303AC22A523630022D891 /* Main.storyboard in Resources */,
			);
			runOnlyForDeploymentPostprocessing = 0;
		};
		D6A303B722A523660022D891 /* Resources */ = {
			isa = PBXResourcesBuildPhase;
			buildActionMask = 2147483647;
			files = (
			);
			runOnlyForDeploymentPostprocessing = 0;
		};
		D6A303C222A523660022D891 /* Resources */ = {
			isa = PBXResourcesBuildPhase;
			buildActionMask = 2147483647;
			files = (
			);
			runOnlyForDeploymentPostprocessing = 0;
		};
/* End PBXResourcesBuildPhase section */

/* Begin PBXSourcesBuildPhase section */
		D6A3039D22A523630022D891 /* Sources */ = {
			isa = PBXSourcesBuildPhase;
			buildActionMask = 2147483647;
			files = (
				D6A303A922A523630022D891 /* ViewController.m in Sources */,
				D6CA91E322A60E4A00643FA9 /* CCDefaultResponseRawDataHandler.m in Sources */,
				D6CA923922A64D8300643FA9 /* ListViewController.m in Sources */,
				D6A303D922A523CC0022D891 /* CCNetworkRequestFactory.m in Sources */,
				D6A303F922A5271F0022D891 /* CCPagingRequest.m in Sources */,
				D6A303F522A5262B0022D891 /* CCConvenientRequest.m in Sources */,
				D6A303F622A5262B0022D891 /* CCUploadRequest.m in Sources */,
				D6A303B422A523660022D891 /* main.m in Sources */,
				D6A303A622A523630022D891 /* AppDelegate.m in Sources */,
			);
			runOnlyForDeploymentPostprocessing = 0;
		};
		D6A303B522A523660022D891 /* Sources */ = {
			isa = PBXSourcesBuildPhase;
			buildActionMask = 2147483647;
			files = (
				D6A303BE22A523660022D891 /* CCSimpleAppKitTests.m in Sources */,
			);
			runOnlyForDeploymentPostprocessing = 0;
		};
		D6A303C022A523660022D891 /* Sources */ = {
			isa = PBXSourcesBuildPhase;
			buildActionMask = 2147483647;
			files = (
				D6A303C922A523660022D891 /* CCSimpleAppKitUITests.m in Sources */,
			);
			runOnlyForDeploymentPostprocessing = 0;
		};
/* End PBXSourcesBuildPhase section */

/* Begin PBXTargetDependency section */
		D6A303BB22A523660022D891 /* PBXTargetDependency */ = {
			isa = PBXTargetDependency;
			target = D6A303A022A523630022D891 /* CCSimpleAppKit */;
			targetProxy = D6A303BA22A523660022D891 /* PBXContainerItemProxy */;
		};
		D6A303C622A523660022D891 /* PBXTargetDependency */ = {
			isa = PBXTargetDependency;
			target = D6A303A022A523630022D891 /* CCSimpleAppKit */;
			targetProxy = D6A303C522A523660022D891 /* PBXContainerItemProxy */;
		};
/* End PBXTargetDependency section */

/* Begin PBXVariantGroup section */
		D6A303AA22A523630022D891 /* Main.storyboard */ = {
			isa = PBXVariantGroup;
			children = (
				D6A303AB22A523630022D891 /* Base */,
			);
			name = Main.storyboard;
			sourceTree = "<group>";
		};
		D6A303AF22A523660022D891 /* LaunchScreen.storyboard */ = {
			isa = PBXVariantGroup;
			children = (
				D6A303B022A523660022D891 /* Base */,
			);
			name = LaunchScreen.storyboard;
			sourceTree = "<group>";
		};
/* End PBXVariantGroup section */

/* Begin XCBuildConfiguration section */
		D6A303CB22A523660022D891 /* Debug */ = {
			isa = XCBuildConfiguration;
			buildSettings = {
				ALWAYS_SEARCH_USER_PATHS = NO;
				CLANG_ANALYZER_NONNULL = YES;
				CLANG_ANALYZER_NUMBER_OBJECT_CONVERSION = YES_AGGRESSIVE;
				CLANG_CXX_LANGUAGE_STANDARD = "gnu++14";
				CLANG_CXX_LIBRARY = "libc++";
				CLANG_ENABLE_MODULES = YES;
				CLANG_ENABLE_OBJC_ARC = YES;
				CLANG_ENABLE_OBJC_WEAK = YES;
				CLANG_WARN_BLOCK_CAPTURE_AUTORELEASING = YES;
				CLANG_WARN_BOOL_CONVERSION = YES;
				CLANG_WARN_COMMA = YES;
				CLANG_WARN_CONSTANT_CONVERSION = YES;
				CLANG_WARN_DEPRECATED_OBJC_IMPLEMENTATIONS = YES;
				CLANG_WARN_DIRECT_OBJC_ISA_USAGE = YES_ERROR;
				CLANG_WARN_DOCUMENTATION_COMMENTS = YES;
				CLANG_WARN_EMPTY_BODY = YES;
				CLANG_WARN_ENUM_CONVERSION = YES;
				CLANG_WARN_INFINITE_RECURSION = YES;
				CLANG_WARN_INT_CONVERSION = YES;
				CLANG_WARN_NON_LITERAL_NULL_CONVERSION = YES;
				CLANG_WARN_OBJC_IMPLICIT_RETAIN_SELF = YES;
				CLANG_WARN_OBJC_LITERAL_CONVERSION = YES;
				CLANG_WARN_OBJC_ROOT_CLASS = YES_ERROR;
				CLANG_WARN_RANGE_LOOP_ANALYSIS = YES;
				CLANG_WARN_STRICT_PROTOTYPES = YES;
				CLANG_WARN_SUSPICIOUS_MOVE = YES;
				CLANG_WARN_UNGUARDED_AVAILABILITY = YES_AGGRESSIVE;
				CLANG_WARN_UNREACHABLE_CODE = YES;
				CLANG_WARN__DUPLICATE_METHOD_MATCH = YES;
				CODE_SIGN_IDENTITY = "iPhone Developer";
				COPY_PHASE_STRIP = NO;
				DEBUG_INFORMATION_FORMAT = dwarf;
				ENABLE_STRICT_OBJC_MSGSEND = YES;
				ENABLE_TESTABILITY = YES;
				GCC_C_LANGUAGE_STANDARD = gnu11;
				GCC_DYNAMIC_NO_PIC = NO;
				GCC_NO_COMMON_BLOCKS = YES;
				GCC_OPTIMIZATION_LEVEL = 0;
				GCC_PREPROCESSOR_DEFINITIONS = (
					"DEBUG=1",
					"$(inherited)",
				);
				GCC_WARN_64_TO_32_BIT_CONVERSION = YES;
				GCC_WARN_ABOUT_RETURN_TYPE = YES_ERROR;
				GCC_WARN_UNDECLARED_SELECTOR = YES;
				GCC_WARN_UNINITIALIZED_AUTOS = YES_AGGRESSIVE;
				GCC_WARN_UNUSED_FUNCTION = YES;
				GCC_WARN_UNUSED_VARIABLE = YES;
				IPHONEOS_DEPLOYMENT_TARGET = 12.1;
				MTL_ENABLE_DEBUG_INFO = INCLUDE_SOURCE;
				MTL_FAST_MATH = YES;
				ONLY_ACTIVE_ARCH = YES;
				SDKROOT = iphoneos;
			};
			name = Debug;
		};
		D6A303CC22A523660022D891 /* Release */ = {
			isa = XCBuildConfiguration;
			buildSettings = {
				ALWAYS_SEARCH_USER_PATHS = NO;
				CLANG_ANALYZER_NONNULL = YES;
				CLANG_ANALYZER_NUMBER_OBJECT_CONVERSION = YES_AGGRESSIVE;
				CLANG_CXX_LANGUAGE_STANDARD = "gnu++14";
				CLANG_CXX_LIBRARY = "libc++";
				CLANG_ENABLE_MODULES = YES;
				CLANG_ENABLE_OBJC_ARC = YES;
				CLANG_ENABLE_OBJC_WEAK = YES;
				CLANG_WARN_BLOCK_CAPTURE_AUTORELEASING = YES;
				CLANG_WARN_BOOL_CONVERSION = YES;
				CLANG_WARN_COMMA = YES;
				CLANG_WARN_CONSTANT_CONVERSION = YES;
				CLANG_WARN_DEPRECATED_OBJC_IMPLEMENTATIONS = YES;
				CLANG_WARN_DIRECT_OBJC_ISA_USAGE = YES_ERROR;
				CLANG_WARN_DOCUMENTATION_COMMENTS = YES;
				CLANG_WARN_EMPTY_BODY = YES;
				CLANG_WARN_ENUM_CONVERSION = YES;
				CLANG_WARN_INFINITE_RECURSION = YES;
				CLANG_WARN_INT_CONVERSION = YES;
				CLANG_WARN_NON_LITERAL_NULL_CONVERSION = YES;
				CLANG_WARN_OBJC_IMPLICIT_RETAIN_SELF = YES;
				CLANG_WARN_OBJC_LITERAL_CONVERSION = YES;
				CLANG_WARN_OBJC_ROOT_CLASS = YES_ERROR;
				CLANG_WARN_RANGE_LOOP_ANALYSIS = YES;
				CLANG_WARN_STRICT_PROTOTYPES = YES;
				CLANG_WARN_SUSPICIOUS_MOVE = YES;
				CLANG_WARN_UNGUARDED_AVAILABILITY = YES_AGGRESSIVE;
				CLANG_WARN_UNREACHABLE_CODE = YES;
				CLANG_WARN__DUPLICATE_METHOD_MATCH = YES;
				CODE_SIGN_IDENTITY = "iPhone Developer";
				COPY_PHASE_STRIP = NO;
				DEBUG_INFORMATION_FORMAT = "dwarf-with-dsym";
				ENABLE_NS_ASSERTIONS = NO;
				ENABLE_STRICT_OBJC_MSGSEND = YES;
				GCC_C_LANGUAGE_STANDARD = gnu11;
				GCC_NO_COMMON_BLOCKS = YES;
				GCC_WARN_64_TO_32_BIT_CONVERSION = YES;
				GCC_WARN_ABOUT_RETURN_TYPE = YES_ERROR;
				GCC_WARN_UNDECLARED_SELECTOR = YES;
				GCC_WARN_UNINITIALIZED_AUTOS = YES_AGGRESSIVE;
				GCC_WARN_UNUSED_FUNCTION = YES;
				GCC_WARN_UNUSED_VARIABLE = YES;
				IPHONEOS_DEPLOYMENT_TARGET = 12.1;
				MTL_ENABLE_DEBUG_INFO = NO;
				MTL_FAST_MATH = YES;
				SDKROOT = iphoneos;
				VALIDATE_PRODUCT = YES;
			};
			name = Release;
		};
		D6A303CE22A523660022D891 /* Debug */ = {
			isa = XCBuildConfiguration;
			buildSettings = {
				ASSETCATALOG_COMPILER_APPICON_NAME = AppIcon;
				CODE_SIGN_STYLE = Automatic;
				INFOPLIST_FILE = CCSimpleAppKit/Info.plist;
				LD_RUNPATH_SEARCH_PATHS = (
					"$(inherited)",
					"@executable_path/Frameworks",
				);
				PRODUCT_BUNDLE_IDENTIFIER = kit.simpleapp.cc.CCSimpleAppKit;
				PRODUCT_NAME = "$(TARGET_NAME)";
				TARGETED_DEVICE_FAMILY = "1,2";
			};
			name = Debug;
		};
		D6A303CF22A523660022D891 /* Release */ = {
			isa = XCBuildConfiguration;
			buildSettings = {
				ASSETCATALOG_COMPILER_APPICON_NAME = AppIcon;
				CODE_SIGN_STYLE = Automatic;
				INFOPLIST_FILE = CCSimpleAppKit/Info.plist;
				LD_RUNPATH_SEARCH_PATHS = (
					"$(inherited)",
					"@executable_path/Frameworks",
				);
				PRODUCT_BUNDLE_IDENTIFIER = kit.simpleapp.cc.CCSimpleAppKit;
				PRODUCT_NAME = "$(TARGET_NAME)";
				TARGETED_DEVICE_FAMILY = "1,2";
			};
			name = Release;
		};
		D6A303D122A523660022D891 /* Debug */ = {
			isa = XCBuildConfiguration;
			buildSettings = {
				BUNDLE_LOADER = "$(TEST_HOST)";
				CODE_SIGN_STYLE = Automatic;
				INFOPLIST_FILE = CCSimpleAppKitTests/Info.plist;
				LD_RUNPATH_SEARCH_PATHS = (
					"$(inherited)",
					"@executable_path/Frameworks",
					"@loader_path/Frameworks",
				);
				PRODUCT_BUNDLE_IDENTIFIER = kit.simpleapp.cc.CCSimpleAppKitTests;
				PRODUCT_NAME = "$(TARGET_NAME)";
				TARGETED_DEVICE_FAMILY = "1,2";
				TEST_HOST = "$(BUILT_PRODUCTS_DIR)/CCSimpleAppKit.app/CCSimpleAppKit";
			};
			name = Debug;
		};
		D6A303D222A523660022D891 /* Release */ = {
			isa = XCBuildConfiguration;
			buildSettings = {
				BUNDLE_LOADER = "$(TEST_HOST)";
				CODE_SIGN_STYLE = Automatic;
				INFOPLIST_FILE = CCSimpleAppKitTests/Info.plist;
				LD_RUNPATH_SEARCH_PATHS = (
					"$(inherited)",
					"@executable_path/Frameworks",
					"@loader_path/Frameworks",
				);
				PRODUCT_BUNDLE_IDENTIFIER = kit.simpleapp.cc.CCSimpleAppKitTests;
				PRODUCT_NAME = "$(TARGET_NAME)";
				TARGETED_DEVICE_FAMILY = "1,2";
				TEST_HOST = "$(BUILT_PRODUCTS_DIR)/CCSimpleAppKit.app/CCSimpleAppKit";
			};
			name = Release;
		};
		D6A303D422A523660022D891 /* Debug */ = {
			isa = XCBuildConfiguration;
			buildSettings = {
				CODE_SIGN_STYLE = Automatic;
				INFOPLIST_FILE = CCSimpleAppKitUITests/Info.plist;
				LD_RUNPATH_SEARCH_PATHS = (
					"$(inherited)",
					"@executable_path/Frameworks",
					"@loader_path/Frameworks",
				);
				PRODUCT_BUNDLE_IDENTIFIER = kit.simpleapp.cc.CCSimpleAppKitUITests;
				PRODUCT_NAME = "$(TARGET_NAME)";
				TARGETED_DEVICE_FAMILY = "1,2";
				TEST_TARGET_NAME = CCSimpleAppKit;
			};
			name = Debug;
		};
		D6A303D522A523660022D891 /* Release */ = {
			isa = XCBuildConfiguration;
			buildSettings = {
				CODE_SIGN_STYLE = Automatic;
				INFOPLIST_FILE = CCSimpleAppKitUITests/Info.plist;
				LD_RUNPATH_SEARCH_PATHS = (
					"$(inherited)",
					"@executable_path/Frameworks",
					"@loader_path/Frameworks",
				);
				PRODUCT_BUNDLE_IDENTIFIER = kit.simpleapp.cc.CCSimpleAppKitUITests;
				PRODUCT_NAME = "$(TARGET_NAME)";
				TARGETED_DEVICE_FAMILY = "1,2";
				TEST_TARGET_NAME = CCSimpleAppKit;
			};
			name = Release;
		};
/* End XCBuildConfiguration section */

/* Begin XCConfigurationList section */
		D6A3039C22A523630022D891 /* Build configuration list for PBXProject "CCSimpleAppKit" */ = {
			isa = XCConfigurationList;
			buildConfigurations = (
				D6A303CB22A523660022D891 /* Debug */,
				D6A303CC22A523660022D891 /* Release */,
			);
			defaultConfigurationIsVisible = 0;
			defaultConfigurationName = Release;
		};
		D6A303CD22A523660022D891 /* Build configuration list for PBXNativeTarget "CCSimpleAppKit" */ = {
			isa = XCConfigurationList;
			buildConfigurations = (
				D6A303CE22A523660022D891 /* Debug */,
				D6A303CF22A523660022D891 /* Release */,
			);
			defaultConfigurationIsVisible = 0;
			defaultConfigurationName = Release;
		};
		D6A303D022A523660022D891 /* Build configuration list for PBXNativeTarget "CCSimpleAppKitTests" */ = {
			isa = XCConfigurationList;
			buildConfigurations = (
				D6A303D122A523660022D891 /* Debug */,
				D6A303D222A523660022D891 /* Release */,
			);
			defaultConfigurationIsVisible = 0;
			defaultConfigurationName = Release;
		};
		D6A303D322A523660022D891 /* Build configuration list for PBXNativeTarget "CCSimpleAppKitUITests" */ = {
			isa = XCConfigurationList;
			buildConfigurations = (
				D6A303D422A523660022D891 /* Debug */,
				D6A303D522A523660022D891 /* Release */,
			);
			defaultConfigurationIsVisible = 0;
			defaultConfigurationName = Release;
		};
/* End XCConfigurationList section */
	};
	rootObject = D6A3039922A523630022D891 /* Project object */;
}
